PODS:
  - BModule (0.1.0):
    - JDModuleManager
    - JDModuleRouter
    - JDModuleService
  - DModule (0.1.0):
    - JDModuleManager
    - JDModuleRouter
    - JDModuleService
  - JDModuleManager (0.1.0)
  - JDModuleRouter (0.1.0)
  - JDModuleService (0.1.0)

DEPENDENCIES:
  - BModule (from `../Modules/BModule`)
  - DModule (from `../Modules/DModule`)
  - JDModuleManager (from `../`)
  - JDModuleRouter (from `../Modules/JDModuleRouter`)
  - JDModuleService (from `../Modules/JDModuleService`)

EXTERNAL SOURCES:
  BModule:
    :path: "../Modules/BModule"
  DModule:
    :path: "../Modules/DModule"
  JDModuleManager:
    :path: "../"
  JDModuleRouter:
    :path: "../Modules/JDModuleRouter"
  JDModuleService:
    :path: "../Modules/JDModuleService"

SPEC CHECKSUMS:
  BModule: 2fa08026add826283c27a7124e9a41e783df156f
  DModule: ac39e44a1ed046cb1e6194a4ad387249f5fc10ae
  JDModuleManager: 54a90a0295c6becd56b498fed4b8b40639cc7023
  JDModuleRouter: 611af66c3e2b84938f33108c0bac0e030ab9be75
  JDModuleService: 8e3432d22e74a4652e83f1e291a30fd833562bdb

PODFILE CHECKSUM: aea10db2fab37216103be67e288f41e9864b1c9a

COCOAPODS: 1.11.2
